// !$*UTF8*$!
{
	archiveVersion = 1;
	classes = {
	};
	objectVersion = 46;
	objects = {

/* Begin PBXAggregateTarget section */
		EAF797FE1E89FB6200C19A27 /* CombineTalker */ = {
			isa = PBXAggregateTarget;
			buildConfigurationList = EAF797FF1E89FB6200C19A27 /* Build configuration list for PBXAggregateTarget "CombineTalker" */;
			buildPhases = (
				EAF8EC901E8A5DC40032155E /* ShellScript */,
				EA7802DA1E8A641A00779DED /* CopyFiles */,
			);
			dependencies = (
			);
			name = CombineTalker;
			productName = Combine;
		};
/* End PBXAggregateTarget section */

/* Begin PBXBuildFile section */
		6003F58E195388D20070C39A /* Foundation.framework in Frameworks */ = {isa = PBXBuildFile; fileRef = 6003F58D195388D20070C39A /* Foundation.framework */; };
		6003F590195388D20070C39A /* CoreGraphics.framework in Frameworks */ = {isa = PBXBuildFile; fileRef = 6003F58F195388D20070C39A /* CoreGraphics.framework */; };
		6003F592195388D20070C39A /* UIKit.framework in Frameworks */ = {isa = PBXBuildFile; fileRef = 6003F591195388D20070C39A /* UIKit.framework */; };
		6003F598195388D20070C39A /* InfoPlist.strings in Resources */ = {isa = PBXBuildFile; fileRef = 6003F596195388D20070C39A /* InfoPlist.strings */; };
		6003F59A195388D20070C39A /* main.m in Sources */ = {isa = PBXBuildFile; fileRef = 6003F599195388D20070C39A /* main.m */; };
		6003F59E195388D20070C39A /* MTAppDelegate.mm in Sources */ = {isa = PBXBuildFile; fileRef = 6003F59D195388D20070C39A /* MTAppDelegate.mm */; };
		6003F5A7195388D20070C39A /* MTViewController.m in Sources */ = {isa = PBXBuildFile; fileRef = 6003F5A6195388D20070C39A /* MTViewController.m */; };
		6003F5A9195388D20070C39A /* Images.xcassets in Resources */ = {isa = PBXBuildFile; fileRef = 6003F5A8195388D20070C39A /* Images.xcassets */; };
		6003F5B0195388D20070C39A /* XCTest.framework in Frameworks */ = {isa = PBXBuildFile; fileRef = 6003F5AF195388D20070C39A /* XCTest.framework */; };
		6003F5B1195388D20070C39A /* Foundation.framework in Frameworks */ = {isa = PBXBuildFile; fileRef = 6003F58D195388D20070C39A /* Foundation.framework */; };
		6003F5B2195388D20070C39A /* UIKit.framework in Frameworks */ = {isa = PBXBuildFile; fileRef = 6003F591195388D20070C39A /* UIKit.framework */; };
		6003F5BA195388D20070C39A /* InfoPlist.strings in Resources */ = {isa = PBXBuildFile; fileRef = 6003F5B8195388D20070C39A /* InfoPlist.strings */; };
		6003F5BC195388D20070C39A /* Tests.m in Sources */ = {isa = PBXBuildFile; fileRef = 6003F5BB195388D20070C39A /* Tests.m */; };
		71719F9F1E33DC2100824A3D /* LaunchScreen.storyboard in Resources */ = {isa = PBXBuildFile; fileRef = 71719F9D1E33DC2100824A3D /* LaunchScreen.storyboard */; };
		80F7FD0C979DB9FE8AB4396D /* libPods-MTalkerClient.a in Frameworks */ = {isa = PBXBuildFile; fileRef = 5E861A8C65B96C538AF1567A /* libPods-MTalkerClient.a */; };
		873B8AEB1B1F5CCA007FD442 /* Main.storyboard in Resources */ = {isa = PBXBuildFile; fileRef = 873B8AEA1B1F5CCA007FD442 /* Main.storyboard */; };
		CA66594A0E31ABFFCDB8C774 /* libPods-MTalker_Tests.a in Frameworks */ = {isa = PBXBuildFile; fileRef = 6DCE7A0B876378AEBB48869E /* libPods-MTalker_Tests.a */; };
		E5DACCC49111AFF8CFE4A31F /* libPods-MTalker_Example.a in Frameworks */ = {isa = PBXBuildFile; fileRef = 0DD7F035CD2B612532F8C886 /* libPods-MTalker_Example.a */; };
		EA7802E51E8B502C00779DED /* libFTCommandClient.a in Frameworks */ = {isa = PBXBuildFile; fileRef = EA7802DF1E8B4A8D00779DED /* libFTCommandClient.a */; };
		EA7802E71E8B5E5600779DED /* MTDoctor.h in CopyFiles */ = {isa = PBXBuildFile; fileRef = EA7D57771E820C4B0072B7AE /* MTDoctor.h */; };
		EA7802E81E8B5E5F00779DED /* MTAddressMonitor.h in CopyFiles */ = {isa = PBXBuildFile; fileRef = EAF797A71E88B77B00C19A27 /* MTAddressMonitor.h */; };
		EA7D57631E8122150072B7AE /* MTalkerClient.mm in Sources */ = {isa = PBXBuildFile; fileRef = EA7D57621E8122150072B7AE /* MTalkerClient.mm */; };
		EA7D57641E8122150072B7AE /* MTalkerClient.h in CopyFiles */ = {isa = PBXBuildFile; fileRef = EA7D57611E8122150072B7AE /* MTalkerClient.h */; };
		EA7D57701E820A2C0072B7AE /* MTTalkInfo.m in Sources */ = {isa = PBXBuildFile; fileRef = EA7D576F1E820A2C0072B7AE /* MTTalkInfo.m */; };
		EA7D57731E820BCA0072B7AE /* MTLoginInfo.m in Sources */ = {isa = PBXBuildFile; fileRef = EA7D57721E820BCA0072B7AE /* MTLoginInfo.m */; };
		EA7D57761E820C260072B7AE /* MTDevice.m in Sources */ = {isa = PBXBuildFile; fileRef = EA7D57751E820C260072B7AE /* MTDevice.m */; };
		EA7D57791E820C4B0072B7AE /* MTDoctor.m in Sources */ = {isa = PBXBuildFile; fileRef = EA7D57781E820C4B0072B7AE /* MTDoctor.m */; };
		EA7D577C1E820C7A0072B7AE /* MTUser.m in Sources */ = {isa = PBXBuildFile; fileRef = EA7D577B1E820C7A0072B7AE /* MTUser.m */; };
		EAD06A7D1E82141700DDA4CF /* MTModel.m in Sources */ = {isa = PBXBuildFile; fileRef = EAD06A7C1E82141700DDA4CF /* MTModel.m */; };
		EAD06A801E822AA200DDA4CF /* MTPharmacy.m in Sources */ = {isa = PBXBuildFile; fileRef = EAD06A7F1E822AA200DDA4CF /* MTPharmacy.m */; };
		EAD06A831E822C4900DDA4CF /* MTServerAddress.m in Sources */ = {isa = PBXBuildFile; fileRef = EAD06A821E822C4900DDA4CF /* MTServerAddress.m */; };
		EAD06B3C1E826AB100DDA4CF /* MTTalkerSetting.m in Sources */ = {isa = PBXBuildFile; fileRef = EAD06B3B1E826AB100DDA4CF /* MTTalkerSetting.m */; };
		EAD06B401E8373F200DDA4CF /* MTRinger.m in Sources */ = {isa = PBXBuildFile; fileRef = EAD06B3F1E8373F200DDA4CF /* MTRinger.m */; };
		EAD06B421E8374A200DDA4CF /* AVFoundation.framework in Frameworks */ = {isa = PBXBuildFile; fileRef = EAD06B411E8374A200DDA4CF /* AVFoundation.framework */; };
		EAD06B441E83786100DDA4CF /* AudioToolbox.framework in Frameworks */ = {isa = PBXBuildFile; fileRef = EAD06B431E83786100DDA4CF /* AudioToolbox.framework */; };
		EAF797A91E88B77B00C19A27 /* MTAddressMonitor.m in Sources */ = {isa = PBXBuildFile; fileRef = EAF797A81E88B77B00C19A27 /* MTAddressMonitor.m */; };
		EAF797E81E89039200C19A27 /* MTRinger.h in CopyFiles */ = {isa = PBXBuildFile; fileRef = EAD06B3E1E8373F200DDA4CF /* MTRinger.h */; };
		EAF797E91E8903A200C19A27 /* MTTalkInfo.h in CopyFiles */ = {isa = PBXBuildFile; fileRef = EA7D576E1E820A2C0072B7AE /* MTTalkInfo.h */; };
		EAF797EA1E8903A800C19A27 /* MTDevice.h in CopyFiles */ = {isa = PBXBuildFile; fileRef = EA7D57741E820C260072B7AE /* MTDevice.h */; };
		EAF797EB1E8903AE00C19A27 /* MTLoginInfo.h in CopyFiles */ = {isa = PBXBuildFile; fileRef = EA7D57711E820BCA0072B7AE /* MTLoginInfo.h */; };
		EAF797EC1E8903B200C19A27 /* MTUser.h in CopyFiles */ = {isa = PBXBuildFile; fileRef = EA7D577A1E820C7A0072B7AE /* MTUser.h */; };
		EAF797ED1E8903B600C19A27 /* MTPharmacy.h in CopyFiles */ = {isa = PBXBuildFile; fileRef = EAD06A7E1E822AA200DDA4CF /* MTPharmacy.h */; };
		EAF797EE1E8903BC00C19A27 /* MTServerAddress.h in CopyFiles */ = {isa = PBXBuildFile; fileRef = EAD06A811E822C4900DDA4CF /* MTServerAddress.h */; };
		EAF797EF1E8903C200C19A27 /* MTTalkerSetting.h in CopyFiles */ = {isa = PBXBuildFile; fileRef = EAD06B3A1E826AB100DDA4CF /* MTTalkerSetting.h */; };
		EAF797F01E8903C800C19A27 /* MTModel.h in CopyFiles */ = {isa = PBXBuildFile; fileRef = EAD06A7B1E82141700DDA4CF /* MTModel.h */; };
		EAF797F11E8903CD00C19A27 /* MTTalkerCommandDelegate.h in CopyFiles */ = {isa = PBXBuildFile; fileRef = EAD06B3D1E8364D200DDA4CF /* MTTalkerCommandDelegate.h */; };
/* End PBXBuildFile section */

/* Begin PBXContainerItemProxy section */
		6003F5B3195388D20070C39A /* PBXContainerItemProxy */ = {
			isa = PBXContainerItemProxy;
			containerPortal = 6003F582195388D10070C39A /* Project object */;
			proxyType = 1;
			remoteGlobalIDString = 6003F589195388D20070C39A;
			remoteInfo = MTalker;
		};
/* End PBXContainerItemProxy section */

/* Begin PBXCopyFilesBuildPhase section */
		EA7802DA1E8A641A00779DED /* CopyFiles */ = {
			isa = PBXCopyFilesBuildPhase;
			buildActionMask = 2147483647;
			dstPath = "";
			dstSubfolderSpec = 7;
			files = (
			);
			runOnlyForDeploymentPostprocessing = 0;
		};
		EA7D575D1E8122150072B7AE /* CopyFiles */ = {
			isa = PBXCopyFilesBuildPhase;
			buildActionMask = 2147483647;
			dstPath = "include/$(PRODUCT_NAME)";
			dstSubfolderSpec = 16;
			files = (
				EA7802E81E8B5E5F00779DED /* MTAddressMonitor.h in CopyFiles */,
				EA7802E71E8B5E5600779DED /* MTDoctor.h in CopyFiles */,
				EAF797F11E8903CD00C19A27 /* MTTalkerCommandDelegate.h in CopyFiles */,
				EAF797F01E8903C800C19A27 /* MTModel.h in CopyFiles */,
				EAF797EF1E8903C200C19A27 /* MTTalkerSetting.h in CopyFiles */,
				EAF797EE1E8903BC00C19A27 /* MTServerAddress.h in CopyFiles */,
				EAF797ED1E8903B600C19A27 /* MTPharmacy.h in CopyFiles */,
				EAF797EC1E8903B200C19A27 /* MTUser.h in CopyFiles */,
				EAF797EB1E8903AE00C19A27 /* MTLoginInfo.h in CopyFiles */,
				EAF797EA1E8903A800C19A27 /* MTDevice.h in CopyFiles */,
				EAF797E91E8903A200C19A27 /* MTTalkInfo.h in CopyFiles */,
				EAF797E81E89039200C19A27 /* MTRinger.h in CopyFiles */,
				EA7D57641E8122150072B7AE /* MTalkerClient.h in CopyFiles */,
			);
			runOnlyForDeploymentPostprocessing = 0;
		};
/* End PBXCopyFilesBuildPhase section */

/* Begin PBXFileReference section */
		0DD7F035CD2B612532F8C886 /* libPods-MTalker_Example.a */ = {isa = PBXFileReference; explicitFileType = archive.ar; includeInIndex = 0; path = "libPods-MTalker_Example.a"; sourceTree = BUILT_PRODUCTS_DIR; };
		185CD759DEF7BD4463803740 /* Pods-MTalker_Example.debug.xcconfig */ = {isa = PBXFileReference; includeInIndex = 1; lastKnownFileType = text.xcconfig; name = "Pods-MTalker_Example.debug.xcconfig"; path = "Pods/Target Support Files/Pods-MTalker_Example/Pods-MTalker_Example.debug.xcconfig"; sourceTree = "<group>"; };
		238A1F8AE6B9C83F6A9AF55E /* Pods-MTalkerClient.release.xcconfig */ = {isa = PBXFileReference; includeInIndex = 1; lastKnownFileType = text.xcconfig; name = "Pods-MTalkerClient.release.xcconfig"; path = "Pods/Target Support Files/Pods-MTalkerClient/Pods-MTalkerClient.release.xcconfig"; sourceTree = "<group>"; };
		289E35105FF2BDCCEFD9D3D4 /* Pods-MTalkerClient.debug.xcconfig */ = {isa = PBXFileReference; includeInIndex = 1; lastKnownFileType = text.xcconfig; name = "Pods-MTalkerClient.debug.xcconfig"; path = "Pods/Target Support Files/Pods-MTalkerClient/Pods-MTalkerClient.debug.xcconfig"; sourceTree = "<group>"; };
		2A406A7124A24D2779522370 /* Pods-MTalker_Tests.debug.xcconfig */ = {isa = PBXFileReference; includeInIndex = 1; lastKnownFileType = text.xcconfig; name = "Pods-MTalker_Tests.debug.xcconfig"; path = "Pods/Target Support Files/Pods-MTalker_Tests/Pods-MTalker_Tests.debug.xcconfig"; sourceTree = "<group>"; };
		314E2E7F6227D74C0BE6B45C /* LICENSE */ = {isa = PBXFileReference; includeInIndex = 1; lastKnownFileType = text; name = LICENSE; path = ../LICENSE; sourceTree = "<group>"; };
		5D4D1D40322EE7383A38B5A1 /* MTalker.podspec */ = {isa = PBXFileReference; includeInIndex = 1; lastKnownFileType = text; name = MTalker.podspec; path = ../MTalker.podspec; sourceTree = "<group>"; };
		5E861A8C65B96C538AF1567A /* libPods-MTalkerClient.a */ = {isa = PBXFileReference; explicitFileType = archive.ar; includeInIndex = 0; path = "libPods-MTalkerClient.a"; sourceTree = BUILT_PRODUCTS_DIR; };
		6003F58A195388D20070C39A /* MTalker_Example.app */ = {isa = PBXFileReference; explicitFileType = wrapper.application; includeInIndex = 0; path = MTalker_Example.app; sourceTree = BUILT_PRODUCTS_DIR; };
		6003F58D195388D20070C39A /* Foundation.framework */ = {isa = PBXFileReference; lastKnownFileType = wrapper.framework; name = Foundation.framework; path = System/Library/Frameworks/Foundation.framework; sourceTree = SDKROOT; };
		6003F58F195388D20070C39A /* CoreGraphics.framework */ = {isa = PBXFileReference; lastKnownFileType = wrapper.framework; name = CoreGraphics.framework; path = System/Library/Frameworks/CoreGraphics.framework; sourceTree = SDKROOT; };
		6003F591195388D20070C39A /* UIKit.framework */ = {isa = PBXFileReference; lastKnownFileType = wrapper.framework; name = UIKit.framework; path = System/Library/Frameworks/UIKit.framework; sourceTree = SDKROOT; };
		6003F595195388D20070C39A /* MTalker-Info.plist */ = {isa = PBXFileReference; lastKnownFileType = text.plist.xml; path = "MTalker-Info.plist"; sourceTree = "<group>"; };
		6003F597195388D20070C39A /* en */ = {isa = PBXFileReference; lastKnownFileType = text.plist.strings; name = en; path = en.lproj/InfoPlist.strings; sourceTree = "<group>"; };
		6003F599195388D20070C39A /* main.m */ = {isa = PBXFileReference; lastKnownFileType = sourcecode.c.objc; path = main.m; sourceTree = "<group>"; };
		6003F59B195388D20070C39A /* MTalker-Prefix.pch */ = {isa = PBXFileReference; lastKnownFileType = sourcecode.c.h; path = "MTalker-Prefix.pch"; sourceTree = "<group>"; };
		6003F59C195388D20070C39A /* MTAppDelegate.h */ = {isa = PBXFileReference; lastKnownFileType = sourcecode.c.h; path = MTAppDelegate.h; sourceTree = "<group>"; };
		6003F59D195388D20070C39A /* MTAppDelegate.mm */ = {isa = PBXFileReference; lastKnownFileType = sourcecode.cpp.objcpp; path = MTAppDelegate.mm; sourceTree = "<group>"; };
		6003F5A5195388D20070C39A /* MTViewController.h */ = {isa = PBXFileReference; lastKnownFileType = sourcecode.c.h; path = MTViewController.h; sourceTree = "<group>"; };
		6003F5A6195388D20070C39A /* MTViewController.m */ = {isa = PBXFileReference; lastKnownFileType = sourcecode.c.objc; path = MTViewController.m; sourceTree = "<group>"; };
		6003F5A8195388D20070C39A /* Images.xcassets */ = {isa = PBXFileReference; lastKnownFileType = folder.assetcatalog; path = Images.xcassets; sourceTree = "<group>"; };
		6003F5AE195388D20070C39A /* MTalker_Tests.xctest */ = {isa = PBXFileReference; explicitFileType = wrapper.cfbundle; includeInIndex = 0; path = MTalker_Tests.xctest; sourceTree = BUILT_PRODUCTS_DIR; };
		6003F5AF195388D20070C39A /* XCTest.framework */ = {isa = PBXFileReference; lastKnownFileType = wrapper.framework; name = XCTest.framework; path = Library/Frameworks/XCTest.framework; sourceTree = DEVELOPER_DIR; };
		6003F5B7195388D20070C39A /* Tests-Info.plist */ = {isa = PBXFileReference; lastKnownFileType = text.plist.xml; path = "Tests-Info.plist"; sourceTree = "<group>"; };
		6003F5B9195388D20070C39A /* en */ = {isa = PBXFileReference; lastKnownFileType = text.plist.strings; name = en; path = en.lproj/InfoPlist.strings; sourceTree = "<group>"; };
		6003F5BB195388D20070C39A /* Tests.m */ = {isa = PBXFileReference; lastKnownFileType = sourcecode.c.objc; path = Tests.m; sourceTree = "<group>"; };
		606FC2411953D9B200FFA9A0 /* Tests-Prefix.pch */ = {isa = PBXFileReference; lastKnownFileType = sourcecode.c.h; path = "Tests-Prefix.pch"; sourceTree = "<group>"; };
		6DCE7A0B876378AEBB48869E /* libPods-MTalker_Tests.a */ = {isa = PBXFileReference; explicitFileType = archive.ar; includeInIndex = 0; path = "libPods-MTalker_Tests.a"; sourceTree = BUILT_PRODUCTS_DIR; };
		6E4F0FBC2EFE2B54FE4D67E3 /* README.md */ = {isa = PBXFileReference; includeInIndex = 1; lastKnownFileType = net.daringfireball.markdown; name = README.md; path = ../README.md; sourceTree = "<group>"; };
		71719F9E1E33DC2100824A3D /* Base */ = {isa = PBXFileReference; lastKnownFileType = file.storyboard; name = Base; path = Base.lproj/LaunchScreen.storyboard; sourceTree = "<group>"; };
		873B8AEA1B1F5CCA007FD442 /* Main.storyboard */ = {isa = PBXFileReference; fileEncoding = 4; lastKnownFileType = file.storyboard; name = Main.storyboard; path = Base.lproj/Main.storyboard; sourceTree = "<group>"; };
		C3C437EC6C4E7902A41E2F58 /* Pods-MTalker_Example.release.xcconfig */ = {isa = PBXFileReference; includeInIndex = 1; lastKnownFileType = text.xcconfig; name = "Pods-MTalker_Example.release.xcconfig"; path = "Pods/Target Support Files/Pods-MTalker_Example/Pods-MTalker_Example.release.xcconfig"; sourceTree = "<group>"; };
		EA7802D71E8A621400779DED /* libPods-MTalkerClient.a */ = {isa = PBXFileReference; lastKnownFileType = archive.ar; name = "libPods-MTalkerClient.a"; path = "Pods/../build/Debug-iphoneos/libPods-MTalkerClient.a"; sourceTree = "<group>"; };
		EA7802DF1E8B4A8D00779DED /* libFTCommandClient.a */ = {isa = PBXFileReference; lastKnownFileType = archive.ar; name = libFTCommandClient.a; path = "../../../Library/Developer/Xcode/DerivedData/MTalker-djpqzqyavvfmdlcgekbljgcwqhff/Build/Products/Debug-iphonesimulator/libFTCommandClient.a"; sourceTree = "<group>"; };
		EA7D575F1E8122150072B7AE /* libMTalkerClient.a */ = {isa = PBXFileReference; explicitFileType = archive.ar; includeInIndex = 0; path = libMTalkerClient.a; sourceTree = BUILT_PRODUCTS_DIR; };
		EA7D57611E8122150072B7AE /* MTalkerClient.h */ = {isa = PBXFileReference; lastKnownFileType = sourcecode.c.h; path = MTalkerClient.h; sourceTree = "<group>"; };
		EA7D57621E8122150072B7AE /* MTalkerClient.mm */ = {isa = PBXFileReference; lastKnownFileType = sourcecode.cpp.objcpp; path = MTalkerClient.mm; sourceTree = "<group>"; usesTabs = 0; };
		EA7D576B1E81250A0072B7AE /* EasyUI.framework */ = {isa = PBXFileReference; lastKnownFileType = wrapper.framework; name = EasyUI.framework; path = "EasyUI/build/Debug-iphoneos/EasyUI.framework"; sourceTree = "<group>"; };
		EA7D576E1E820A2C0072B7AE /* MTTalkInfo.h */ = {isa = PBXFileReference; fileEncoding = 4; lastKnownFileType = sourcecode.c.h; path = MTTalkInfo.h; sourceTree = "<group>"; };
		EA7D576F1E820A2C0072B7AE /* MTTalkInfo.m */ = {isa = PBXFileReference; fileEncoding = 4; lastKnownFileType = sourcecode.c.objc; path = MTTalkInfo.m; sourceTree = "<group>"; };
		EA7D57711E820BCA0072B7AE /* MTLoginInfo.h */ = {isa = PBXFileReference; fileEncoding = 4; lastKnownFileType = sourcecode.c.h; path = MTLoginInfo.h; sourceTree = "<group>"; };
		EA7D57721E820BCA0072B7AE /* MTLoginInfo.m */ = {isa = PBXFileReference; fileEncoding = 4; lastKnownFileType = sourcecode.c.objc; path = MTLoginInfo.m; sourceTree = "<group>"; };
		EA7D57741E820C260072B7AE /* MTDevice.h */ = {isa = PBXFileReference; fileEncoding = 4; lastKnownFileType = sourcecode.c.h; path = MTDevice.h; sourceTree = "<group>"; };
		EA7D57751E820C260072B7AE /* MTDevice.m */ = {isa = PBXFileReference; fileEncoding = 4; lastKnownFileType = sourcecode.c.objc; path = MTDevice.m; sourceTree = "<group>"; };
		EA7D57771E820C4B0072B7AE /* MTDoctor.h */ = {isa = PBXFileReference; fileEncoding = 4; lastKnownFileType = sourcecode.c.h; path = MTDoctor.h; sourceTree = "<group>"; };
		EA7D57781E820C4B0072B7AE /* MTDoctor.m */ = {isa = PBXFileReference; fileEncoding = 4; lastKnownFileType = sourcecode.c.objc; path = MTDoctor.m; sourceTree = "<group>"; };
		EA7D577A1E820C7A0072B7AE /* MTUser.h */ = {isa = PBXFileReference; fileEncoding = 4; lastKnownFileType = sourcecode.c.h; path = MTUser.h; sourceTree = "<group>"; };
		EA7D577B1E820C7A0072B7AE /* MTUser.m */ = {isa = PBXFileReference; fileEncoding = 4; lastKnownFileType = sourcecode.c.objc; path = MTUser.m; sourceTree = "<group>"; };
		EAD06A7B1E82141700DDA4CF /* MTModel.h */ = {isa = PBXFileReference; fileEncoding = 4; lastKnownFileType = sourcecode.c.h; path = MTModel.h; sourceTree = "<group>"; };
		EAD06A7C1E82141700DDA4CF /* MTModel.m */ = {isa = PBXFileReference; fileEncoding = 4; lastKnownFileType = sourcecode.c.objc; path = MTModel.m; sourceTree = "<group>"; };
		EAD06A7E1E822AA200DDA4CF /* MTPharmacy.h */ = {isa = PBXFileReference; fileEncoding = 4; lastKnownFileType = sourcecode.c.h; path = MTPharmacy.h; sourceTree = "<group>"; };
		EAD06A7F1E822AA200DDA4CF /* MTPharmacy.m */ = {isa = PBXFileReference; fileEncoding = 4; lastKnownFileType = sourcecode.c.objc; path = MTPharmacy.m; sourceTree = "<group>"; };
		EAD06A811E822C4900DDA4CF /* MTServerAddress.h */ = {isa = PBXFileReference; fileEncoding = 4; lastKnownFileType = sourcecode.c.h; path = MTServerAddress.h; sourceTree = "<group>"; };
		EAD06A821E822C4900DDA4CF /* MTServerAddress.m */ = {isa = PBXFileReference; fileEncoding = 4; lastKnownFileType = sourcecode.c.objc; path = MTServerAddress.m; sourceTree = "<group>"; };
		EAD06B3A1E826AB100DDA4CF /* MTTalkerSetting.h */ = {isa = PBXFileReference; fileEncoding = 4; lastKnownFileType = sourcecode.c.h; path = MTTalkerSetting.h; sourceTree = "<group>"; };
		EAD06B3B1E826AB100DDA4CF /* MTTalkerSetting.m */ = {isa = PBXFileReference; fileEncoding = 4; lastKnownFileType = sourcecode.c.objc; path = MTTalkerSetting.m; sourceTree = "<group>"; };
		EAD06B3D1E8364D200DDA4CF /* MTTalkerCommandDelegate.h */ = {isa = PBXFileReference; fileEncoding = 4; lastKnownFileType = sourcecode.c.h; path = MTTalkerCommandDelegate.h; sourceTree = "<group>"; };
		EAD06B3E1E8373F200DDA4CF /* MTRinger.h */ = {isa = PBXFileReference; fileEncoding = 4; lastKnownFileType = sourcecode.c.h; path = MTRinger.h; sourceTree = "<group>"; };
		EAD06B3F1E8373F200DDA4CF /* MTRinger.m */ = {isa = PBXFileReference; fileEncoding = 4; lastKnownFileType = sourcecode.c.objc; path = MTRinger.m; sourceTree = "<group>"; };
		EAD06B411E8374A200DDA4CF /* AVFoundation.framework */ = {isa = PBXFileReference; lastKnownFileType = wrapper.framework; name = AVFoundation.framework; path = System/Library/Frameworks/AVFoundation.framework; sourceTree = SDKROOT; };
		EAD06B431E83786100DDA4CF /* AudioToolbox.framework */ = {isa = PBXFileReference; lastKnownFileType = wrapper.framework; name = AudioToolbox.framework; path = System/Library/Frameworks/AudioToolbox.framework; sourceTree = SDKROOT; };
		EAF797A71E88B77B00C19A27 /* MTAddressMonitor.h */ = {isa = PBXFileReference; fileEncoding = 4; lastKnownFileType = sourcecode.c.h; path = MTAddressMonitor.h; sourceTree = "<group>"; };
		EAF797A81E88B77B00C19A27 /* MTAddressMonitor.m */ = {isa = PBXFileReference; fileEncoding = 4; lastKnownFileType = sourcecode.c.objc; path = MTAddressMonitor.m; sourceTree = "<group>"; };
		EAF798041E89FE3A00C19A27 /* libPods-MTalkerClient.a */ = {isa = PBXFileReference; lastKnownFileType = archive.ar; name = "libPods-MTalkerClient.a"; path = "Pods/../build/Debug-iphoneos/libPods-MTalkerClient.a"; sourceTree = "<group>"; };
		EAF798091E8A10D500C19A27 /* libPods-MTalkerClient.a */ = {isa = PBXFileReference; lastKnownFileType = archive.ar; name = "libPods-MTalkerClient.a"; path = "Pods/../build/Debug-iphoneos/libPods-MTalkerClient.a"; sourceTree = "<group>"; };
		EAF8EC8D1E8A5CAE0032155E /* libFTCommandClient.a */ = {isa = PBXFileReference; lastKnownFileType = archive.ar; name = libFTCommandClient.a; path = FTCommandClient_Products/libFTCommandClient.a; sourceTree = "<group>"; };
		FF40B49AC46C0BADB2726603 /* Pods-MTalker_Tests.release.xcconfig */ = {isa = PBXFileReference; includeInIndex = 1; lastKnownFileType = text.xcconfig; name = "Pods-MTalker_Tests.release.xcconfig"; path = "Pods/Target Support Files/Pods-MTalker_Tests/Pods-MTalker_Tests.release.xcconfig"; sourceTree = "<group>"; };
/* End PBXFileReference section */

/* Begin PBXFrameworksBuildPhase section */
		6003F587195388D20070C39A /* Frameworks */ = {
			isa = PBXFrameworksBuildPhase;
			buildActionMask = 2147483647;
			files = (
				6003F590195388D20070C39A /* CoreGraphics.framework in Frameworks */,
				6003F592195388D20070C39A /* UIKit.framework in Frameworks */,
				6003F58E195388D20070C39A /* Foundation.framework in Frameworks */,
				E5DACCC49111AFF8CFE4A31F /* libPods-MTalker_Example.a in Frameworks */,
			);
			runOnlyForDeploymentPostprocessing = 0;
		};
		6003F5AB195388D20070C39A /* Frameworks */ = {
			isa = PBXFrameworksBuildPhase;
			buildActionMask = 2147483647;
			files = (
				6003F5B0195388D20070C39A /* XCTest.framework in Frameworks */,
				6003F5B2195388D20070C39A /* UIKit.framework in Frameworks */,
				6003F5B1195388D20070C39A /* Foundation.framework in Frameworks */,
				CA66594A0E31ABFFCDB8C774 /* libPods-MTalker_Tests.a in Frameworks */,
			);
			runOnlyForDeploymentPostprocessing = 0;
		};
		EA7D575C1E8122150072B7AE /* Frameworks */ = {
			isa = PBXFrameworksBuildPhase;
			buildActionMask = 2147483647;
			files = (
				EA7802E51E8B502C00779DED /* libFTCommandClient.a in Frameworks */,
				EAD06B441E83786100DDA4CF /* AudioToolbox.framework in Frameworks */,
				EAD06B421E8374A200DDA4CF /* AVFoundation.framework in Frameworks */,
				80F7FD0C979DB9FE8AB4396D /* libPods-MTalkerClient.a in Frameworks */,
			);
			runOnlyForDeploymentPostprocessing = 0;
		};
/* End PBXFrameworksBuildPhase section */

/* Begin PBXGroup section */
		6003F581195388D10070C39A = {
			isa = PBXGroup;
			children = (
				60FF7A9C1954A5C5007DD14C /* Podspec Metadata */,
				6003F593195388D20070C39A /* Example for MTalker */,
				6003F5B5195388D20070C39A /* Tests */,
				EA7D57601E8122150072B7AE /* MTalkerClient */,
				6003F58C195388D20070C39A /* Frameworks */,
				6003F58B195388D20070C39A /* Products */,
				B34C7F3875BE5B5BAB344BD1 /* Pods */,
			);
			sourceTree = "<group>";
		};
		6003F58B195388D20070C39A /* Products */ = {
			isa = PBXGroup;
			children = (
				6003F58A195388D20070C39A /* MTalker_Example.app */,
				6003F5AE195388D20070C39A /* MTalker_Tests.xctest */,
				EA7D575F1E8122150072B7AE /* libMTalkerClient.a */,
			);
			name = Products;
			sourceTree = "<group>";
		};
		6003F58C195388D20070C39A /* Frameworks */ = {
			isa = PBXGroup;
			children = (
				EA7802DF1E8B4A8D00779DED /* libFTCommandClient.a */,
				EA7802D71E8A621400779DED /* libPods-MTalkerClient.a */,
				EAF8EC8D1E8A5CAE0032155E /* libFTCommandClient.a */,
				EAF798091E8A10D500C19A27 /* libPods-MTalkerClient.a */,
				EAF798041E89FE3A00C19A27 /* libPods-MTalkerClient.a */,
				EAD06B431E83786100DDA4CF /* AudioToolbox.framework */,
				EAD06B411E8374A200DDA4CF /* AVFoundation.framework */,
				EA7D576B1E81250A0072B7AE /* EasyUI.framework */,
				6003F58D195388D20070C39A /* Foundation.framework */,
				6003F58F195388D20070C39A /* CoreGraphics.framework */,
				6003F591195388D20070C39A /* UIKit.framework */,
				6003F5AF195388D20070C39A /* XCTest.framework */,
				0DD7F035CD2B612532F8C886 /* libPods-MTalker_Example.a */,
				6DCE7A0B876378AEBB48869E /* libPods-MTalker_Tests.a */,
				5E861A8C65B96C538AF1567A /* libPods-MTalkerClient.a */,
			);
			name = Frameworks;
			sourceTree = "<group>";
		};
		6003F593195388D20070C39A /* Example for MTalker */ = {
			isa = PBXGroup;
			children = (
				6003F59C195388D20070C39A /* MTAppDelegate.h */,
				6003F59D195388D20070C39A /* MTAppDelegate.mm */,
				873B8AEA1B1F5CCA007FD442 /* Main.storyboard */,
				6003F5A5195388D20070C39A /* MTViewController.h */,
				6003F5A6195388D20070C39A /* MTViewController.m */,
				71719F9D1E33DC2100824A3D /* LaunchScreen.storyboard */,
				6003F5A8195388D20070C39A /* Images.xcassets */,
				6003F594195388D20070C39A /* Supporting Files */,
			);
			name = "Example for MTalker";
			path = MTalker;
			sourceTree = "<group>";
		};
		6003F594195388D20070C39A /* Supporting Files */ = {
			isa = PBXGroup;
			children = (
				6003F595195388D20070C39A /* MTalker-Info.plist */,
				6003F596195388D20070C39A /* InfoPlist.strings */,
				6003F599195388D20070C39A /* main.m */,
				6003F59B195388D20070C39A /* MTalker-Prefix.pch */,
			);
			name = "Supporting Files";
			sourceTree = "<group>";
		};
		6003F5B5195388D20070C39A /* Tests */ = {
			isa = PBXGroup;
			children = (
				6003F5BB195388D20070C39A /* Tests.m */,
				6003F5B6195388D20070C39A /* Supporting Files */,
			);
			path = Tests;
			sourceTree = "<group>";
		};
		6003F5B6195388D20070C39A /* Supporting Files */ = {
			isa = PBXGroup;
			children = (
				6003F5B7195388D20070C39A /* Tests-Info.plist */,
				6003F5B8195388D20070C39A /* InfoPlist.strings */,
				606FC2411953D9B200FFA9A0 /* Tests-Prefix.pch */,
			);
			name = "Supporting Files";
			sourceTree = "<group>";
		};
		60FF7A9C1954A5C5007DD14C /* Podspec Metadata */ = {
			isa = PBXGroup;
			children = (
				5D4D1D40322EE7383A38B5A1 /* MTalker.podspec */,
				6E4F0FBC2EFE2B54FE4D67E3 /* README.md */,
				314E2E7F6227D74C0BE6B45C /* LICENSE */,
			);
			name = "Podspec Metadata";
			sourceTree = "<group>";
		};
		B34C7F3875BE5B5BAB344BD1 /* Pods */ = {
			isa = PBXGroup;
			children = (
				185CD759DEF7BD4463803740 /* Pods-MTalker_Example.debug.xcconfig */,
				C3C437EC6C4E7902A41E2F58 /* Pods-MTalker_Example.release.xcconfig */,
				2A406A7124A24D2779522370 /* Pods-MTalker_Tests.debug.xcconfig */,
				FF40B49AC46C0BADB2726603 /* Pods-MTalker_Tests.release.xcconfig */,
				289E35105FF2BDCCEFD9D3D4 /* Pods-MTalkerClient.debug.xcconfig */,
				238A1F8AE6B9C83F6A9AF55E /* Pods-MTalkerClient.release.xcconfig */,
			);
			name = Pods;
			sourceTree = "<group>";
		};
		EA7D57601E8122150072B7AE /* MTalkerClient */ = {
			isa = PBXGroup;
			children = (
				EAF797A61E88B75C00C19A27 /* Tools */,
				EA7D576D1E812ED40072B7AE /* Model */,
				EA7D57611E8122150072B7AE /* MTalkerClient.h */,
				EA7D57621E8122150072B7AE /* MTalkerClient.mm */,
				EAD06B3E1E8373F200DDA4CF /* MTRinger.h */,
				EAD06B3F1E8373F200DDA4CF /* MTRinger.m */,
				EAD06B3D1E8364D200DDA4CF /* MTTalkerCommandDelegate.h */,
			);
			path = MTalkerClient;
			sourceTree = "<group>";
		};
		EA7D576D1E812ED40072B7AE /* Model */ = {
			isa = PBXGroup;
			children = (
				EA7D576E1E820A2C0072B7AE /* MTTalkInfo.h */,
				EA7D576F1E820A2C0072B7AE /* MTTalkInfo.m */,
				EA7D57711E820BCA0072B7AE /* MTLoginInfo.h */,
				EA7D57721E820BCA0072B7AE /* MTLoginInfo.m */,
				EA7D57741E820C260072B7AE /* MTDevice.h */,
				EA7D57751E820C260072B7AE /* MTDevice.m */,
				EA7D57771E820C4B0072B7AE /* MTDoctor.h */,
				EA7D57781E820C4B0072B7AE /* MTDoctor.m */,
				EA7D577A1E820C7A0072B7AE /* MTUser.h */,
				EA7D577B1E820C7A0072B7AE /* MTUser.m */,
				EAD06A7B1E82141700DDA4CF /* MTModel.h */,
				EAD06A7C1E82141700DDA4CF /* MTModel.m */,
				EAD06A7E1E822AA200DDA4CF /* MTPharmacy.h */,
				EAD06A7F1E822AA200DDA4CF /* MTPharmacy.m */,
				EAD06A811E822C4900DDA4CF /* MTServerAddress.h */,
				EAD06A821E822C4900DDA4CF /* MTServerAddress.m */,
				EAD06B3A1E826AB100DDA4CF /* MTTalkerSetting.h */,
				EAD06B3B1E826AB100DDA4CF /* MTTalkerSetting.m */,
			);
			name = Model;
			sourceTree = "<group>";
		};
		EAF797A61E88B75C00C19A27 /* Tools */ = {
			isa = PBXGroup;
			children = (
				EAF797A71E88B77B00C19A27 /* MTAddressMonitor.h */,
				EAF797A81E88B77B00C19A27 /* MTAddressMonitor.m */,
			);
			name = Tools;
			sourceTree = "<group>";
		};
/* End PBXGroup section */

/* Begin PBXNativeTarget section */
		6003F589195388D20070C39A /* MTalker_Example */ = {
			isa = PBXNativeTarget;
			buildConfigurationList = 6003F5BF195388D20070C39A /* Build configuration list for PBXNativeTarget "MTalker_Example" */;
			buildPhases = (
				74E052049B80D76FF5C33D83 /* [CP] Check Pods Manifest.lock */,
				6003F586195388D20070C39A /* Sources */,
				6003F587195388D20070C39A /* Frameworks */,
				6003F588195388D20070C39A /* Resources */,
				8EC57F6F593A4B65C6447EBE /* [CP] Embed Pods Frameworks */,
				68B55E971E58908A4A007213 /* [CP] Copy Pods Resources */,
			);
			buildRules = (
			);
			dependencies = (
			);
			name = MTalker_Example;
			productName = MTalker;
			productReference = 6003F58A195388D20070C39A /* MTalker_Example.app */;
			productType = "com.apple.product-type.application";
		};
		6003F5AD195388D20070C39A /* MTalker_Tests */ = {
			isa = PBXNativeTarget;
			buildConfigurationList = 6003F5C2195388D20070C39A /* Build configuration list for PBXNativeTarget "MTalker_Tests" */;
			buildPhases = (
				C8C6709FB693804FC0A15B8C /* [CP] Check Pods Manifest.lock */,
				6003F5AA195388D20070C39A /* Sources */,
				6003F5AB195388D20070C39A /* Frameworks */,
				6003F5AC195388D20070C39A /* Resources */,
				9C40FA66A29349060BEC88B3 /* [CP] Embed Pods Frameworks */,
				6F9DB85D93C2572F58397D8D /* [CP] Copy Pods Resources */,
			);
			buildRules = (
			);
			dependencies = (
				6003F5B4195388D20070C39A /* PBXTargetDependency */,
			);
			name = MTalker_Tests;
			productName = MTalkerTests;
			productReference = 6003F5AE195388D20070C39A /* MTalker_Tests.xctest */;
			productType = "com.apple.product-type.bundle.unit-test";
		};
		EA7D575E1E8122150072B7AE /* MTalkerClient */ = {
			isa = PBXNativeTarget;
			buildConfigurationList = EA7D57651E8122150072B7AE /* Build configuration list for PBXNativeTarget "MTalkerClient" */;
			buildPhases = (
				10436321B045C6FFF6C39463 /* [CP] Check Pods Manifest.lock */,
				EA7D575B1E8122150072B7AE /* Sources */,
				EA7D575C1E8122150072B7AE /* Frameworks */,
				EA7D575D1E8122150072B7AE /* CopyFiles */,
				595280F6DE914CC8D3EE013F /* [CP] Copy Pods Resources */,
			);
			buildRules = (
			);
			dependencies = (
			);
			name = MTalkerClient;
			productName = MTalkerClient;
			productReference = EA7D575F1E8122150072B7AE /* libMTalkerClient.a */;
			productType = "com.apple.product-type.library.static";
		};
/* End PBXNativeTarget section */

/* Begin PBXProject section */
		6003F582195388D10070C39A /* Project object */ = {
			isa = PBXProject;
			attributes = {
				CLASSPREFIX = MT;
				LastUpgradeCheck = 0820;
				ORGANIZATIONNAME = rrun;
				TargetAttributes = {
					6003F589195388D20070C39A = {
						DevelopmentTeam = 63DD5UWBGN;
					};
					6003F5AD195388D20070C39A = {
						TestTargetID = 6003F589195388D20070C39A;
					};
					EA7D575E1E8122150072B7AE = {
						CreatedOnToolsVersion = 8.2.1;
						DevelopmentTeam = 63DD5UWBGN;
						ProvisioningStyle = Automatic;
					};
					EAF797FE1E89FB6200C19A27 = {
						CreatedOnToolsVersion = 8.2.1;
						DevelopmentTeam = 63DD5UWBGN;
						ProvisioningStyle = Automatic;
					};
				};
			};
			buildConfigurationList = 6003F585195388D10070C39A /* Build configuration list for PBXProject "MTalker" */;
			compatibilityVersion = "Xcode 3.2";
			developmentRegion = English;
			hasScannedForEncodings = 0;
			knownRegions = (
				en,
				Base,
			);
			mainGroup = 6003F581195388D10070C39A;
			productRefGroup = 6003F58B195388D20070C39A /* Products */;
			projectDirPath = "";
			projectRoot = "";
			targets = (
				6003F589195388D20070C39A /* MTalker_Example */,
				6003F5AD195388D20070C39A /* MTalker_Tests */,
				EA7D575E1E8122150072B7AE /* MTalkerClient */,
				EAF797FE1E89FB6200C19A27 /* CombineTalker */,
			);
		};
/* End PBXProject section */

/* Begin PBXResourcesBuildPhase section */
		6003F588195388D20070C39A /* Resources */ = {
			isa = PBXResourcesBuildPhase;
			buildActionMask = 2147483647;
			files = (
				873B8AEB1B1F5CCA007FD442 /* Main.storyboard in Resources */,
				71719F9F1E33DC2100824A3D /* LaunchScreen.storyboard in Resources */,
				6003F5A9195388D20070C39A /* Images.xcassets in Resources */,
				6003F598195388D20070C39A /* InfoPlist.strings in Resources */,
			);
			runOnlyForDeploymentPostprocessing = 0;
		};
		6003F5AC195388D20070C39A /* Resources */ = {
			isa = PBXResourcesBuildPhase;
			buildActionMask = 2147483647;
			files = (
				6003F5BA195388D20070C39A /* InfoPlist.strings in Resources */,
			);
			runOnlyForDeploymentPostprocessing = 0;
		};
/* End PBXResourcesBuildPhase section */

/* Begin PBXShellScriptBuildPhase section */
		10436321B045C6FFF6C39463 /* [CP] Check Pods Manifest.lock */ = {
			isa = PBXShellScriptBuildPhase;
			buildActionMask = 2147483647;
			files = (
			);
			inputPaths = (
			);
			name = "[CP] Check Pods Manifest.lock";
			outputPaths = (
			);
			runOnlyForDeploymentPostprocessing = 0;
			shellPath = /bin/sh;
			shellScript = "diff \"${PODS_ROOT}/../Podfile.lock\" \"${PODS_ROOT}/Manifest.lock\" > /dev/null\nif [ $? != 0 ] ; then\n    # print error to STDERR\n    echo \"error: The sandbox is not in sync with the Podfile.lock. Run 'pod install' or update your CocoaPods installation.\" >&2\n    exit 1\nfi\n";
			showEnvVarsInLog = 0;
		};
		595280F6DE914CC8D3EE013F /* [CP] Copy Pods Resources */ = {
			isa = PBXShellScriptBuildPhase;
			buildActionMask = 2147483647;
			files = (
			);
			inputPaths = (
			);
			name = "[CP] Copy Pods Resources";
			outputPaths = (
			);
			runOnlyForDeploymentPostprocessing = 0;
			shellPath = /bin/sh;
			shellScript = "\"${SRCROOT}/Pods/Target Support Files/Pods-MTalkerClient/Pods-MTalkerClient-resources.sh\"\n";
			showEnvVarsInLog = 0;
		};
		68B55E971E58908A4A007213 /* [CP] Copy Pods Resources */ = {
			isa = PBXShellScriptBuildPhase;
			buildActionMask = 2147483647;
			files = (
			);
			inputPaths = (
			);
			name = "[CP] Copy Pods Resources";
			outputPaths = (
			);
			runOnlyForDeploymentPostprocessing = 0;
			shellPath = /bin/sh;
			shellScript = "\"${SRCROOT}/Pods/Target Support Files/Pods-MTalker_Example/Pods-MTalker_Example-resources.sh\"\n";
			showEnvVarsInLog = 0;
		};
		6F9DB85D93C2572F58397D8D /* [CP] Copy Pods Resources */ = {
			isa = PBXShellScriptBuildPhase;
			buildActionMask = 2147483647;
			files = (
			);
			inputPaths = (
			);
			name = "[CP] Copy Pods Resources";
			outputPaths = (
			);
			runOnlyForDeploymentPostprocessing = 0;
			shellPath = /bin/sh;
			shellScript = "\"${SRCROOT}/Pods/Target Support Files/Pods-MTalker_Tests/Pods-MTalker_Tests-resources.sh\"\n";
			showEnvVarsInLog = 0;
		};
		74E052049B80D76FF5C33D83 /* [CP] Check Pods Manifest.lock */ = {
			isa = PBXShellScriptBuildPhase;
			buildActionMask = 2147483647;
			files = (
			);
			inputPaths = (
			);
			name = "[CP] Check Pods Manifest.lock";
			outputPaths = (
			);
			runOnlyForDeploymentPostprocessing = 0;
			shellPath = /bin/sh;
			shellScript = "diff \"${PODS_ROOT}/../Podfile.lock\" \"${PODS_ROOT}/Manifest.lock\" > /dev/null\nif [ $? != 0 ] ; then\n    # print error to STDERR\n    echo \"error: The sandbox is not in sync with the Podfile.lock. Run 'pod install' or update your CocoaPods installation.\" >&2\n    exit 1\nfi\n";
			showEnvVarsInLog = 0;
		};
		8EC57F6F593A4B65C6447EBE /* [CP] Embed Pods Frameworks */ = {
			isa = PBXShellScriptBuildPhase;
			buildActionMask = 2147483647;
			files = (
			);
			inputPaths = (
			);
			name = "[CP] Embed Pods Frameworks";
			outputPaths = (
			);
			runOnlyForDeploymentPostprocessing = 0;
			shellPath = /bin/sh;
			shellScript = "\"${SRCROOT}/Pods/Target Support Files/Pods-MTalker_Example/Pods-MTalker_Example-frameworks.sh\"\n";
			showEnvVarsInLog = 0;
		};
		9C40FA66A29349060BEC88B3 /* [CP] Embed Pods Frameworks */ = {
			isa = PBXShellScriptBuildPhase;
			buildActionMask = 2147483647;
			files = (
			);
			inputPaths = (
			);
			name = "[CP] Embed Pods Frameworks";
			outputPaths = (
			);
			runOnlyForDeploymentPostprocessing = 0;
			shellPath = /bin/sh;
			shellScript = "\"${SRCROOT}/Pods/Target Support Files/Pods-MTalker_Tests/Pods-MTalker_Tests-frameworks.sh\"\n";
			showEnvVarsInLog = 0;
		};
		C8C6709FB693804FC0A15B8C /* [CP] Check Pods Manifest.lock */ = {
			isa = PBXShellScriptBuildPhase;
			buildActionMask = 2147483647;
			files = (
			);
			inputPaths = (
			);
			name = "[CP] Check Pods Manifest.lock";
			outputPaths = (
			);
			runOnlyForDeploymentPostprocessing = 0;
			shellPath = /bin/sh;
			shellScript = "diff \"${PODS_ROOT}/../Podfile.lock\" \"${PODS_ROOT}/Manifest.lock\" > /dev/null\nif [ $? != 0 ] ; then\n    # print error to STDERR\n    echo \"error: The sandbox is not in sync with the Podfile.lock. Run 'pod install' or update your CocoaPods installation.\" >&2\n    exit 1\nfi\n";
			showEnvVarsInLog = 0;
		};
		EAF8EC901E8A5DC40032155E /* ShellScript */ = {
			isa = PBXShellScriptBuildPhase;
			buildActionMask = 2147483647;
			files = (
			);
			inputPaths = (
			);
			outputPaths = (
			);
			runOnlyForDeploymentPostprocessing = 0;
			shellPath = /bin/sh;
			shellScript = "#要build的target名\ntarget_Name=\"MTalkerClient\"\ntarget_Scheme=\"MTalkerClient\"\n#if [[ $1 ]]\n#then\n#target_Name=$1\n#fi\n\nUNIVERSAL_OUTPUT_FOLDER=\"${SRCROOT}/${target_Name}_Products\"\n\n# 创建输出目录，并删除之前的文件\nrm -rf \"${UNIVERSAL_OUTPUT_FOLDER}\"\nmkdir -p \"${UNIVERSAL_OUTPUT_FOLDER}\"\n\n# 分别编译真机和模拟器版本\n#xcodebuild -target \"${target_Name}\" -scheme \"${target_Scheme}\" ONLY_ACTIVE_ARCH=NO -configuration ${CONFIGURATION} -sdk iphoneos  BUILD_DIR=\"${BUILD_DIR}\" BUILD_ROOT=\"${BUILD_ROOT}\" clean build\n#xcodebuild -target \"${target_Name}\" -scheme \"${target_Scheme}\" ONLY_ACTIVE_ARCH=NO -configuration ${CONFIGURATION} -sdk iphonesimulator BUILD_DIR=\"${BUILD_DIR}\" BUILD_ROOT=\"${BUILD_ROOT}\" clean build\n\n#复制头文件到目标文件夹\nHEADER_FOLDER=\"${BUILD_DIR}/${CONFIGURATION}-iphonesimulator/include/${target_Name}\"\nif [[ -d \"${BUILD_DIR}/${CONFIGURATION}-iphonesimulator/usr/local/include\" ]]\nthen\nHEADER_FOLDER=\"${BUILD_DIR}/${CONFIGURATION}-iphonesimulator/usr/local/include\"\nfi\ncp -R \"${HEADER_FOLDER}\" \"${UNIVERSAL_OUTPUT_FOLDER}\"\n\n#合成模拟器和真机.a包\nlipo -create \"${BUILD_DIR}/${CONFIGURATION}-iphonesimulator/lib${target_Name}.a\" \"${BUILD_DIR}/${CONFIGURATION}-iphoneos/lib${target_Name}.a\" -output \"${UNIVERSAL_OUTPUT_FOLDER}/lib${target_Name}.a\"\n\n# 判断build文件夹是否存在，存在则删除\nif [ -d \"${SRCROOT}/build\" ]\nthen\nrm -rf \"${SRCROOT}/build\"\nfi\n\n#打开目标文件夹\nopen \"${UNIVERSAL_OUTPUT_FOLDER}\"";
		};
/* End PBXShellScriptBuildPhase section */

/* Begin PBXSourcesBuildPhase section */
		6003F586195388D20070C39A /* Sources */ = {
			isa = PBXSourcesBuildPhase;
			buildActionMask = 2147483647;
			files = (
				6003F59E195388D20070C39A /* MTAppDelegate.mm in Sources */,
				6003F5A7195388D20070C39A /* MTViewController.m in Sources */,
				6003F59A195388D20070C39A /* main.m in Sources */,
			);
			runOnlyForDeploymentPostprocessing = 0;
		};
		6003F5AA195388D20070C39A /* Sources */ = {
			isa = PBXSourcesBuildPhase;
			buildActionMask = 2147483647;
			files = (
				6003F5BC195388D20070C39A /* Tests.m in Sources */,
			);
			runOnlyForDeploymentPostprocessing = 0;
		};
		EA7D575B1E8122150072B7AE /* Sources */ = {
			isa = PBXSourcesBuildPhase;
			buildActionMask = 2147483647;
			files = (
				EAF797A91E88B77B00C19A27 /* MTAddressMonitor.m in Sources */,
				EA7D57791E820C4B0072B7AE /* MTDoctor.m in Sources */,
				EA7D577C1E820C7A0072B7AE /* MTUser.m in Sources */,
				EAD06B3C1E826AB100DDA4CF /* MTTalkerSetting.m in Sources */,
				EAD06A7D1E82141700DDA4CF /* MTModel.m in Sources */,
				EA7D57731E820BCA0072B7AE /* MTLoginInfo.m in Sources */,
				EAD06A831E822C4900DDA4CF /* MTServerAddress.m in Sources */,
				EAD06B401E8373F200DDA4CF /* MTRinger.m in Sources */,
				EA7D57701E820A2C0072B7AE /* MTTalkInfo.m in Sources */,
				EAD06A801E822AA200DDA4CF /* MTPharmacy.m in Sources */,
				EA7D57761E820C260072B7AE /* MTDevice.m in Sources */,
				EA7D57631E8122150072B7AE /* MTalkerClient.mm in Sources */,
			);
			runOnlyForDeploymentPostprocessing = 0;
		};
/* End PBXSourcesBuildPhase section */

/* Begin PBXTargetDependency section */
		6003F5B4195388D20070C39A /* PBXTargetDependency */ = {
			isa = PBXTargetDependency;
			target = 6003F589195388D20070C39A /* MTalker_Example */;
			targetProxy = 6003F5B3195388D20070C39A /* PBXContainerItemProxy */;
		};
/* End PBXTargetDependency section */

/* Begin PBXVariantGroup section */
		6003F596195388D20070C39A /* InfoPlist.strings */ = {
			isa = PBXVariantGroup;
			children = (
				6003F597195388D20070C39A /* en */,
			);
			name = InfoPlist.strings;
			sourceTree = "<group>";
		};
		6003F5B8195388D20070C39A /* InfoPlist.strings */ = {
			isa = PBXVariantGroup;
			children = (
				6003F5B9195388D20070C39A /* en */,
			);
			name = InfoPlist.strings;
			sourceTree = "<group>";
		};
		71719F9D1E33DC2100824A3D /* LaunchScreen.storyboard */ = {
			isa = PBXVariantGroup;
			children = (
				71719F9E1E33DC2100824A3D /* Base */,
			);
			name = LaunchScreen.storyboard;
			sourceTree = "<group>";
		};
/* End PBXVariantGroup section */

/* Begin XCBuildConfiguration section */
		6003F5BD195388D20070C39A /* Debug */ = {
			isa = XCBuildConfiguration;
			buildSettings = {
				ALWAYS_SEARCH_USER_PATHS = NO;
				CLANG_CXX_LANGUAGE_STANDARD = "gnu++0x";
				CLANG_CXX_LIBRARY = "libc++";
				CLANG_ENABLE_MODULES = YES;
				CLANG_ENABLE_OBJC_ARC = YES;
				CLANG_WARN_BOOL_CONVERSION = YES;
				CLANG_WARN_CONSTANT_CONVERSION = YES;
				CLANG_WARN_DIRECT_OBJC_ISA_USAGE = YES_ERROR;
				CLANG_WARN_EMPTY_BODY = YES;
				CLANG_WARN_ENUM_CONVERSION = YES;
				CLANG_WARN_INFINITE_RECURSION = YES;
				CLANG_WARN_INT_CONVERSION = YES;
				CLANG_WARN_OBJC_ROOT_CLASS = YES_ERROR;
				CLANG_WARN_SUSPICIOUS_MOVE = YES;
				CLANG_WARN_UNREACHABLE_CODE = YES;
				CLANG_WARN__DUPLICATE_METHOD_MATCH = YES;
				"CODE_SIGN_IDENTITY[sdk=iphoneos*]" = "iPhone Developer";
				COPY_PHASE_STRIP = NO;
				ENABLE_STRICT_OBJC_MSGSEND = YES;
				ENABLE_TESTABILITY = YES;
				GCC_C_LANGUAGE_STANDARD = gnu99;
				GCC_DYNAMIC_NO_PIC = NO;
				GCC_NO_COMMON_BLOCKS = YES;
				GCC_OPTIMIZATION_LEVEL = 0;
				GCC_PREPROCESSOR_DEFINITIONS = (
					"DEBUG=1",
					"$(inherited)",
				);
				GCC_SYMBOLS_PRIVATE_EXTERN = NO;
				GCC_WARN_64_TO_32_BIT_CONVERSION = YES;
				GCC_WARN_ABOUT_RETURN_TYPE = YES_ERROR;
				GCC_WARN_UNDECLARED_SELECTOR = YES;
				GCC_WARN_UNINITIALIZED_AUTOS = YES_AGGRESSIVE;
				GCC_WARN_UNUSED_FUNCTION = YES;
				GCC_WARN_UNUSED_VARIABLE = YES;
				IPHONEOS_DEPLOYMENT_TARGET = 8.3;
				ONLY_ACTIVE_ARCH = YES;
				SDKROOT = iphoneos;
				TARGETED_DEVICE_FAMILY = "1,2";
			};
			name = Debug;
		};
		6003F5BE195388D20070C39A /* Release */ = {
			isa = XCBuildConfiguration;
			buildSettings = {
				ALWAYS_SEARCH_USER_PATHS = NO;
				CLANG_CXX_LANGUAGE_STANDARD = "gnu++0x";
				CLANG_CXX_LIBRARY = "libc++";
				CLANG_ENABLE_MODULES = YES;
				CLANG_ENABLE_OBJC_ARC = YES;
				CLANG_WARN_BOOL_CONVERSION = YES;
				CLANG_WARN_CONSTANT_CONVERSION = YES;
				CLANG_WARN_DIRECT_OBJC_ISA_USAGE = YES_ERROR;
				CLANG_WARN_EMPTY_BODY = YES;
				CLANG_WARN_ENUM_CONVERSION = YES;
				CLANG_WARN_INFINITE_RECURSION = YES;
				CLANG_WARN_INT_CONVERSION = YES;
				CLANG_WARN_OBJC_ROOT_CLASS = YES_ERROR;
				CLANG_WARN_SUSPICIOUS_MOVE = YES;
				CLANG_WARN_UNREACHABLE_CODE = YES;
				CLANG_WARN__DUPLICATE_METHOD_MATCH = YES;
				"CODE_SIGN_IDENTITY[sdk=iphoneos*]" = "iPhone Developer";
				COPY_PHASE_STRIP = YES;
				ENABLE_NS_ASSERTIONS = NO;
				ENABLE_STRICT_OBJC_MSGSEND = YES;
				GCC_C_LANGUAGE_STANDARD = gnu99;
				GCC_NO_COMMON_BLOCKS = YES;
				GCC_WARN_64_TO_32_BIT_CONVERSION = YES;
				GCC_WARN_ABOUT_RETURN_TYPE = YES_ERROR;
				GCC_WARN_UNDECLARED_SELECTOR = YES;
				GCC_WARN_UNINITIALIZED_AUTOS = YES_AGGRESSIVE;
				GCC_WARN_UNUSED_FUNCTION = YES;
				GCC_WARN_UNUSED_VARIABLE = YES;
				IPHONEOS_DEPLOYMENT_TARGET = 8.3;
				SDKROOT = iphoneos;
				TARGETED_DEVICE_FAMILY = "1,2";
				VALIDATE_PRODUCT = YES;
			};
			name = Release;
		};
		6003F5C0195388D20070C39A /* Debug */ = {
			isa = XCBuildConfiguration;
			baseConfigurationReference = 185CD759DEF7BD4463803740 /* Pods-MTalker_Example.debug.xcconfig */;
			buildSettings = {
				ASSETCATALOG_COMPILER_APPICON_NAME = AppIcon;
				DEVELOPMENT_TEAM = 63DD5UWBGN;
				ENABLE_BITCODE = NO;
				GCC_PRECOMPILE_PREFIX_HEADER = YES;
				GCC_PREFIX_HEADER = "MTalker/MTalker-Prefix.pch";
				INFOPLIST_FILE = "MTalker/MTalker-Info.plist";
				IPHONEOS_DEPLOYMENT_TARGET = 9.3;
				MODULE_NAME = ExampleApp;
				PRODUCT_BUNDLE_IDENTIFIER = "org.cocoapods.demo.${PRODUCT_NAME:rfc1034identifier}";
				PRODUCT_NAME = "$(TARGET_NAME)";
				USER_HEADER_SEARCH_PATHS = "$(inherited) $(PROJECT_DIR)/FTCommandClient";
				WRAPPER_EXTENSION = app;
			};
			name = Debug;
		};
		6003F5C1195388D20070C39A /* Release */ = {
			isa = XCBuildConfiguration;
			baseConfigurationReference = C3C437EC6C4E7902A41E2F58 /* Pods-MTalker_Example.release.xcconfig */;
			buildSettings = {
				ASSETCATALOG_COMPILER_APPICON_NAME = AppIcon;
				DEVELOPMENT_TEAM = 63DD5UWBGN;
				ENABLE_BITCODE = NO;
				GCC_PRECOMPILE_PREFIX_HEADER = YES;
				GCC_PREFIX_HEADER = "MTalker/MTalker-Prefix.pch";
				INFOPLIST_FILE = "MTalker/MTalker-Info.plist";
				IPHONEOS_DEPLOYMENT_TARGET = 9.3;
				MODULE_NAME = ExampleApp;
				PRODUCT_BUNDLE_IDENTIFIER = "org.cocoapods.demo.${PRODUCT_NAME:rfc1034identifier}";
				PRODUCT_NAME = "$(TARGET_NAME)";
				USER_HEADER_SEARCH_PATHS = "$(inherited) $(PROJECT_DIR)/FTCommandClient";
				WRAPPER_EXTENSION = app;
			};
			name = Release;
		};
		6003F5C3195388D20070C39A /* Debug */ = {
			isa = XCBuildConfiguration;
			baseConfigurationReference = 2A406A7124A24D2779522370 /* Pods-MTalker_Tests.debug.xcconfig */;
			buildSettings = {
				BUNDLE_LOADER = "$(TEST_HOST)";
				FRAMEWORK_SEARCH_PATHS = (
					"$(SDKROOT)/Developer/Library/Frameworks",
					"$(inherited)",
					"$(DEVELOPER_FRAMEWORKS_DIR)",
				);
				GCC_PRECOMPILE_PREFIX_HEADER = YES;
				GCC_PREFIX_HEADER = "Tests/Tests-Prefix.pch";
				GCC_PREPROCESSOR_DEFINITIONS = (
					"DEBUG=1",
					"$(inherited)",
				);
				INFOPLIST_FILE = "Tests/Tests-Info.plist";
				PRODUCT_BUNDLE_IDENTIFIER = "org.cocoapods.demo.${PRODUCT_NAME:rfc1034identifier}";
				PRODUCT_NAME = "$(TARGET_NAME)";
				TEST_HOST = "$(BUILT_PRODUCTS_DIR)/MTalker_Example.app/MTalker_Example";
				WRAPPER_EXTENSION = xctest;
			};
			name = Debug;
		};
		6003F5C4195388D20070C39A /* Release */ = {
			isa = XCBuildConfiguration;
			baseConfigurationReference = FF40B49AC46C0BADB2726603 /* Pods-MTalker_Tests.release.xcconfig */;
			buildSettings = {
				BUNDLE_LOADER = "$(TEST_HOST)";
				FRAMEWORK_SEARCH_PATHS = (
					"$(SDKROOT)/Developer/Library/Frameworks",
					"$(inherited)",
					"$(DEVELOPER_FRAMEWORKS_DIR)",
				);
				GCC_PRECOMPILE_PREFIX_HEADER = YES;
				GCC_PREFIX_HEADER = "Tests/Tests-Prefix.pch";
				INFOPLIST_FILE = "Tests/Tests-Info.plist";
				PRODUCT_BUNDLE_IDENTIFIER = "org.cocoapods.demo.${PRODUCT_NAME:rfc1034identifier}";
				PRODUCT_NAME = "$(TARGET_NAME)";
				TEST_HOST = "$(BUILT_PRODUCTS_DIR)/MTalker_Example.app/MTalker_Example";
				WRAPPER_EXTENSION = xctest;
			};
			name = Release;
		};
		EA7D57661E8122150072B7AE /* Debug */ = {
			isa = XCBuildConfiguration;
			baseConfigurationReference = 289E35105FF2BDCCEFD9D3D4 /* Pods-MTalkerClient.debug.xcconfig */;
			buildSettings = {
				ALWAYS_SEARCH_USER_PATHS = YES;
				CLANG_ANALYZER_NONNULL = YES;
				CLANG_WARN_DOCUMENTATION_COMMENTS = YES;
				CLANG_WARN_INFINITE_RECURSION = YES;
				CLANG_WARN_SUSPICIOUS_MOVE = YES;
				CLANG_WARN_UNREACHABLE_CODE = YES;
				DEBUG_INFORMATION_FORMAT = dwarf;
				DEVELOPMENT_TEAM = 63DD5UWBGN;
				ENABLE_BITCODE = NO;
				ENABLE_STRICT_OBJC_MSGSEND = YES;
				FRAMEWORK_SEARCH_PATHS = "$(inherited)";
				GCC_NO_COMMON_BLOCKS = YES;
				IPHONEOS_DEPLOYMENT_TARGET = 8.0;
				LIBRARY_SEARCH_PATHS = (
					"$(inherited)",
					"$(PROJECT_DIR)/FTCommandClient",
				);
				MTL_ENABLE_DEBUG_INFO = YES;
				OTHER_LDFLAGS = "$(inherited)";
				PRODUCT_NAME = "$(TARGET_NAME)";
				SKIP_INSTALL = YES;
				USER_HEADER_SEARCH_PATHS = "$(PROJECT_DIR)/FTCommandClient";
			};
			name = Debug;
		};
		EA7D57671E8122150072B7AE /* Release */ = {
			isa = XCBuildConfiguration;
			baseConfigurationReference = 238A1F8AE6B9C83F6A9AF55E /* Pods-MTalkerClient.release.xcconfig */;
			buildSettings = {
				ALWAYS_SEARCH_USER_PATHS = YES;
				CLANG_ANALYZER_NONNULL = YES;
				CLANG_WARN_DOCUMENTATION_COMMENTS = YES;
				CLANG_WARN_INFINITE_RECURSION = YES;
				CLANG_WARN_SUSPICIOUS_MOVE = YES;
				CLANG_WARN_UNREACHABLE_CODE = YES;
				COPY_PHASE_STRIP = NO;
				DEBUG_INFORMATION_FORMAT = "dwarf-with-dsym";
				DEVELOPMENT_TEAM = 63DD5UWBGN;
				ENABLE_BITCODE = NO;
				ENABLE_STRICT_OBJC_MSGSEND = YES;
				FRAMEWORK_SEARCH_PATHS = "$(inherited)";
				GCC_NO_COMMON_BLOCKS = YES;
				IPHONEOS_DEPLOYMENT_TARGET = 8.0;
				LIBRARY_SEARCH_PATHS = (
					"$(inherited)",
					"$(PROJECT_DIR)/FTCommandClient",
				);
				MTL_ENABLE_DEBUG_INFO = NO;
				OTHER_LDFLAGS = "$(inherited)";
				PRODUCT_NAME = "$(TARGET_NAME)";
				SKIP_INSTALL = YES;
				USER_HEADER_SEARCH_PATHS = "$(PROJECT_DIR)/FTCommandClient";
			};
			name = Release;
		};
		EAF798001E89FB6200C19A27 /* Debug */ = {
			isa = XCBuildConfiguration;
			buildSettings = {
				DEVELOPMENT_TEAM = 63DD5UWBGN;
				ENABLE_BITCODE = NO;
				PRODUCT_NAME = "$(TARGET_NAME)";
				TARGETED_DEVICE_FAMILY = 1;
			};
			name = Debug;
		};
		EAF798011E89FB6200C19A27 /* Release */ = {
			isa = XCBuildConfiguration;
			buildSettings = {
				DEVELOPMENT_TEAM = 63DD5UWBGN;
				ENABLE_BITCODE = NO;
				PRODUCT_NAME = "$(TARGET_NAME)";
				TARGETED_DEVICE_FAMILY = 1;
			};
			name = Release;
		};
/* End XCBuildConfiguration section */

/* Begin XCConfigurationList section */
		6003F585195388D10070C39A /* Build configuration list for PBXProject "MTalker" */ = {
			isa = XCConfigurationList;
			buildConfigurations = (
				6003F5BD195388D20070C39A /* Debug */,
				6003F5BE195388D20070C39A /* Release */,
			);
			defaultConfigurationIsVisible = 0;
			defaultConfigurationName = Release;
		};
		6003F5BF195388D20070C39A /* Build configuration list for PBXNativeTarget "MTalker_Example" */ = {
			isa = XCConfigurationList;
			buildConfigurations = (
				6003F5C0195388D20070C39A /* Debug */,
				6003F5C1195388D20070C39A /* Release */,
			);
			defaultConfigurationIsVisible = 0;
			defaultConfigurationName = Release;
		};
		6003F5C2195388D20070C39A /* Build configuration list for PBXNativeTarget "MTalker_Tests" */ = {
			isa = XCConfigurationList;
			buildConfigurations = (
				6003F5C3195388D20070C39A /* Debug */,
				6003F5C4195388D20070C39A /* Release */,
			);
			defaultConfigurationIsVisible = 0;
			defaultConfigurationName = Release;
		};
		EA7D57651E8122150072B7AE /* Build configuration list for PBXNativeTarget "MTalkerClient" */ = {
			isa = XCConfigurationList;
			buildConfigurations = (
				EA7D57661E8122150072B7AE /* Debug */,
				EA7D57671E8122150072B7AE /* Release */,
			);
			defaultConfigurationIsVisible = 0;
			defaultConfigurationName = Release;
		};
		EAF797FF1E89FB6200C19A27 /* Build configuration list for PBXAggregateTarget "CombineTalker" */ = {
			isa = XCConfigurationList;
			buildConfigurations = (
				EAF798001E89FB6200C19A27 /* Debug */,
				EAF798011E89FB6200C19A27 /* Release */,
			);
			defaultConfigurationIsVisible = 0;
			defaultConfigurationName = Release;
		};
/* End XCConfigurationList section */
	};
	rootObject = 6003F582195388D10070C39A /* Project object */;
}
